
Microsoft Visual Studio Solution File, Format Version 12.00
# Visual Studio Version 17
VisualStudioVersion = 17.14.36603.0 d17.14
MinimumVisualStudioVersion = 10.0.40219.1
Project("{FAE04EC0-301F-11D3-BF4B-00C04F79EFBC}") = "dbConnect", "dbConnect.csproj", "{DF7B154A-E8F3-4873-A725-51A5B67771C0}"
EndProject
Global
	GlobalSection(SolutionConfigurationPlatforms) = preSolution
		Debug|Any CPU = Debug|Any CPU
		Release|Any CPU = Release|Any CPU
	EndGlobalSection
	GlobalSection(ProjectConfigurationPlatforms) = postSolution
		{DF7B154A-E8F3-4873-A725-51A5B67771C0}.Debug|Any CPU.ActiveCfg = Debug|Any CPU
		{DF7B154A-E8F3-4873-A725-51A5B67771C0}.Debug|Any CPU.Build.0 = Debug|Any CPU
		{DF7B154A-E8F3-4873-A725-51A5B67771C0}.Release|Any CPU.ActiveCfg = Release|Any CPU
		{DF7B154A-E8F3-4873-A725-51A5B67771C0}.Release|Any CPU.Build.0 = Release|Any CPU
	EndGlobalSection
	GlobalSection(SolutionProperties) = preSolution
		HideSolutionNode = FALSE
	EndGlobalSection
	GlobalSection(ExtensibilityGlobals) = postSolution
		SolutionGuid = {8A6F510E-3033-4392-8AD8-74B4B458E41E}
	EndGlobalSection
EndGlobal
